
Microsoft Visual Studio Solution File, Format Version 12.00
# Visual Studio Version 17
VisualStudioVersion = 17.7.34024.191
MinimumVisualStudioVersion = 10.0.40219.1
Project("{FAE04EC0-301F-11D3-BF4B-00C04F79EFBC}") = "EncryptSoftware", "EncryptSoftware.csproj", "{6A4F2B8F-4F4D-45D6-8E98-0D7D5E634DA5}"
EndProject
Global
	GlobalSection(SolutionConfigurationPlatforms) = preSolution
		Debug|Any CPU = Debug|Any CPU
		Release|Any CPU = Release|Any CPU
	EndGlobalSection
	GlobalSection(ProjectConfigurationPlatforms) = postSolution
		{6A4F2B8F-4F4D-45D6-8E98-0D7D5E634DA5}.Debug|Any CPU.ActiveCfg = Debug|Any CPU
		{6A4F2B8F-4F4D-45D6-8E98-0D7D5E634DA5}.Debug|Any CPU.Build.0 = Debug|Any CPU
		{6A4F2B8F-4F4D-45D6-8E98-0D7D5E634DA5}.Release|Any CPU.ActiveCfg = Release|Any CPU
		{6A4F2B8F-4F4D-45D6-8E98-0D7D5E634DA5}.Release|Any CPU.Build.0 = Release|Any CPU
	EndGlobalSection
	GlobalSection(SolutionProperties) = preSolution
		HideSolutionNode = FALSE
	EndGlobalSection
	GlobalSection(ExtensibilityGlobals) = postSolution
		SolutionGuid = {3F91CE6A-D96A-43BE-8D17-D1F3D67F812D}
	EndGlobalSection
EndGlobal
